
Microsoft Visual Studio Solution File, Format Version 12.00
# Visual Studio Version 17
VisualStudioVersion = 17.7.34031.279
MinimumVisualStudioVersion = 10.0.40219.1
Project("{FAE04EC0-301F-11D3-BF4B-00C04F79EFBC}") = "WordEditor", "WordEditor\WordEditor.csproj", "{042E6726-F5EF-4E9A-8EE3-50F1C282A822}"
EndProject
Project("{FAE04EC0-301F-11D3-BF4B-00C04F79EFBC}") = "WordLib", "WordLib\WordLib.csproj", "{CD90A233-9790-42C4-9498-8FCAE6A30A37}"
EndProject
Global
	GlobalSection(SolutionConfigurationPlatforms) = preSolution
		Debug|Any CPU = Debug|Any CPU
		Release|Any CPU = Release|Any CPU
	EndGlobalSection
	GlobalSection(ProjectConfigurationPlatforms) = postSolution
		{042E6726-F5EF-4E9A-8EE3-50F1C282A822}.Debug|Any CPU.ActiveCfg = Debug|Any CPU
		{042E6726-F5EF-4E9A-8EE3-50F1C282A822}.Debug|Any CPU.Build.0 = Debug|Any CPU
		{042E6726-F5EF-4E9A-8EE3-50F1C282A822}.Release|Any CPU.ActiveCfg = Release|Any CPU
		{042E6726-F5EF-4E9A-8EE3-50F1C282A822}.Release|Any CPU.Build.0 = Release|Any CPU
		{CD90A233-9790-42C4-9498-8FCAE6A30A37}.Debug|Any CPU.ActiveCfg = Debug|Any CPU
		{CD90A233-9790-42C4-9498-8FCAE6A30A37}.Debug|Any CPU.Build.0 = Debug|Any CPU
		{CD90A233-9790-42C4-9498-8FCAE6A30A37}.Release|Any CPU.ActiveCfg = Release|Any CPU
		{CD90A233-9790-42C4-9498-8FCAE6A30A37}.Release|Any CPU.Build.0 = Release|Any CPU
	EndGlobalSection
	GlobalSection(SolutionProperties) = preSolution
		HideSolutionNode = FALSE
	EndGlobalSection
	GlobalSection(ExtensibilityGlobals) = postSolution
		SolutionGuid = {26EC01C8-E998-48E5-9D4C-B7C5F75FA2F7}
	EndGlobalSection
EndGlobal
